<?xml version="1.0" encoding="UTF-8"?>
<!DOCTYPE plist PUBLIC "-//Apple//DTD PLIST 1.0//EN" "http://www.apple.com/DTDs/PropertyList-1.0.dtd">
<plist version="1.0">
<dict>
	<key>archiveVersion</key>
	<string>1</string>
	<key>classes</key>
	<dict/>
	<key>objectVersion</key>
	<string>46</string>
	<key>objects</key>
	<dict>
		<key>13E4B28694987836EE0211F1</key>
		<dict>
			<key>children</key>
			<array>
				<string>18D04518FF128EEB92EB5568</string>
				<string>E64D87838E74DE2C38DE701B</string>
			</array>
			<key>isa</key>
			<string>PBXGroup</string>
			<key>name</key>
			<string>Pods</string>
			<key>sourceTree</key>
			<string>&lt;group&gt;</string>
		</dict>
		<key>18D04518FF128EEB92EB5568</key>
		<dict>
			<key>includeInIndex</key>
			<string>1</string>
			<key>isa</key>
			<string>PBXFileReference</string>
			<key>lastKnownFileType</key>
			<string>text.xcconfig</string>
			<key>name</key>
			<string>Pods-GooglePlayMusic.debug.xcconfig</string>
			<key>path</key>
			<string>Pods/Target Support Files/Pods-GooglePlayMusic/Pods-GooglePlayMusic.debug.xcconfig</string>
			<key>sourceTree</key>
			<string>&lt;group&gt;</string>
		</dict>
		<key>3F22758F17C409D50051A177</key>
		<dict>
			<key>children</key>
			<array>
				<string>3F2275A117C409D50051A177</string>
				<string>3F22759A17C409D50051A177</string>
				<string>3F22759917C409D50051A177</string>
				<string>13E4B28694987836EE0211F1</string>
			</array>
			<key>isa</key>
			<string>PBXGroup</string>
			<key>sourceTree</key>
			<string>&lt;group&gt;</string>
		</dict>
		<key>3F22759017C409D50051A177</key>
		<dict>
			<key>attributes</key>
			<dict>
				<key>LastUpgradeCheck</key>
				<string>0610</string>
				<key>ORGANIZATIONNAME</key>
				<string>blakerdesign</string>
			</dict>
			<key>buildConfigurationList</key>
			<string>3F22759317C409D50051A177</string>
			<key>compatibilityVersion</key>
			<string>Xcode 3.2</string>
			<key>developmentRegion</key>
			<string>English</string>
			<key>hasScannedForEncodings</key>
			<string>0</string>
			<key>isa</key>
			<string>PBXProject</string>
			<key>knownRegions</key>
			<array>
				<string>en</string>
			</array>
			<key>mainGroup</key>
			<string>3F22758F17C409D50051A177</string>
			<key>productRefGroup</key>
			<string>3F22759917C409D50051A177</string>
			<key>projectDirPath</key>
			<string></string>
			<key>projectReferences</key>
			<array/>
			<key>projectRoot</key>
			<string></string>
			<key>targets</key>
			<array>
				<string>3F22759717C409D50051A177</string>
			</array>
		</dict>
		<key>3F22759317C409D50051A177</key>
		<dict>
			<key>buildConfigurations</key>
			<array>
				<string>3F2275B317C409D50051A177</string>
				<string>3F2275B417C409D50051A177</string>
			</array>
			<key>defaultConfigurationIsVisible</key>
			<string>0</string>
			<key>defaultConfigurationName</key>
			<string>Release</string>
			<key>isa</key>
			<string>XCConfigurationList</string>
		</dict>
		<key>3F22759417C409D50051A177</key>
		<dict>
			<key>buildActionMask</key>
			<string>2147483647</string>
			<key>files</key>
			<array>
				<string>E93056D61A705FC10071A4A3</string>
				<string>E9641EDA1A705A24000C680C</string>
				<string>E93056CC1A705F7D0071A4A3</string>
				<string>E93056D01A705F990071A4A3</string>
				<string>E90605031A7200B200F64C22</string>
				<string>E93056D31A705FAB0071A4A3</string>
			</array>
			<key>isa</key>
			<string>PBXSourcesBuildPhase</string>
			<key>runOnlyForDeploymentPostprocessing</key>
			<string>0</string>
		</dict>
		<key>3F22759517C409D50051A177</key>
		<dict>
			<key>buildActionMask</key>
			<string>2147483647</string>
			<key>files</key>
			<array>
				<string>3F47C3781808B9DE0042DD62</string>
				<string>3F8305BF17CE7A4000727D3A</string>
				<string>3F2275B917C40A830051A177</string>
				<string>3F22759C17C409D50051A177</string>
				<string>FFBECA3C72E0496317073FDE</string>
			</array>
			<key>isa</key>
			<string>PBXFrameworksBuildPhase</string>
			<key>runOnlyForDeploymentPostprocessing</key>
			<string>0</string>
		</dict>
		<key>3F22759617C409D50051A177</key>
		<dict>
			<key>buildActionMask</key>
			<string>2147483647</string>
			<key>files</key>
			<array>
				<string>E9641EE11A705D22000C680C</string>
				<string>E99A79041A70747A000A9383</string>
				<string>E9641EDF1A705CBB000C680C</string>
				<string>E99A79071A707481000A9383</string>
			</array>
			<key>isa</key>
			<string>PBXResourcesBuildPhase</string>
			<key>runOnlyForDeploymentPostprocessing</key>
			<string>0</string>
		</dict>
		<key>3F22759717C409D50051A177</key>
		<dict>
			<key>buildConfigurationList</key>
			<string>3F2275B517C409D50051A177</string>
			<key>buildPhases</key>
			<array>
				<string>A6ACF32BE7788F4890551088</string>
				<string>3F22759417C409D50051A177</string>
				<string>3F22759517C409D50051A177</string>
				<string>3F22759617C409D50051A177</string>
				<string>C8357689C25E5CA835D2D45B</string>
			</array>
			<key>buildRules</key>
			<array/>
			<key>dependencies</key>
			<array/>
			<key>isa</key>
			<string>PBXNativeTarget</string>
			<key>name</key>
			<string>GooglePlayMusic</string>
			<key>productName</key>
			<string>SonyMusicUnlimited</string>
			<key>productReference</key>
			<string>3F22759817C409D50051A177</string>
			<key>productType</key>
			<string>com.apple.product-type.application</string>
		</dict>
		<key>3F22759817C409D50051A177</key>
		<dict>
			<key>explicitFileType</key>
			<string>wrapper.application</string>
			<key>includeInIndex</key>
			<string>0</string>
			<key>isa</key>
			<string>PBXFileReference</string>
			<key>path</key>
			<string>GooglePlayMusic.app</string>
			<key>sourceTree</key>
			<string>BUILT_PRODUCTS_DIR</string>
		</dict>
		<key>3F22759917C409D50051A177</key>
		<dict>
			<key>children</key>
			<array>
				<string>3F22759817C409D50051A177</string>
			</array>
			<key>isa</key>
			<string>PBXGroup</string>
			<key>name</key>
			<string>Products</string>
			<key>sourceTree</key>
			<string>&lt;group&gt;</string>
		</dict>
		<key>3F22759A17C409D50051A177</key>
		<dict>
			<key>children</key>
			<array>
				<string>3F8305BE17CE7A4000727D3A</string>
				<string>3F2275B817C40A830051A177</string>
				<string>3F22759B17C409D50051A177</string>
				<string>3F22759D17C409D50051A177</string>
				<string>FE037CDE0D220187CEE96931</string>
			</array>
			<key>isa</key>
			<string>PBXGroup</string>
			<key>name</key>
			<string>Frameworks</string>
			<key>sourceTree</key>
			<string>&lt;group&gt;</string>
		</dict>
		<key>3F22759B17C409D50051A177</key>
		<dict>
			<key>isa</key>
			<string>PBXFileReference</string>
			<key>lastKnownFileType</key>
			<string>wrapper.framework</string>
			<key>name</key>
			<string>Cocoa.framework</string>
			<key>path</key>
			<string>System/Library/Frameworks/Cocoa.framework</string>
			<key>sourceTree</key>
			<string>SDKROOT</string>
		</dict>
		<key>3F22759C17C409D50051A177</key>
		<dict>
			<key>fileRef</key>
			<string>3F22759B17C409D50051A177</string>
			<key>isa</key>
			<string>PBXBuildFile</string>
		</dict>
		<key>3F22759D17C409D50051A177</key>
		<dict>
			<key>children</key>
			<array>
				<string>3F22759E17C409D50051A177</string>
				<string>3F22759F17C409D50051A177</string>
				<string>3F2275A017C409D50051A177</string>
			</array>
			<key>isa</key>
			<string>PBXGroup</string>
			<key>name</key>
			<string>Other Frameworks</string>
			<key>sourceTree</key>
			<string>&lt;group&gt;</string>
		</dict>
		<key>3F22759E17C409D50051A177</key>
		<dict>
			<key>isa</key>
			<string>PBXFileReference</string>
			<key>lastKnownFileType</key>
			<string>wrapper.framework</string>
			<key>name</key>
			<string>AppKit.framework</string>
			<key>path</key>
			<string>System/Library/Frameworks/AppKit.framework</string>
			<key>sourceTree</key>
			<string>SDKROOT</string>
		</dict>
		<key>3F22759F17C409D50051A177</key>
		<dict>
			<key>isa</key>
			<string>PBXFileReference</string>
			<key>lastKnownFileType</key>
			<string>wrapper.framework</string>
			<key>name</key>
			<string>CoreData.framework</string>
			<key>path</key>
			<string>System/Library/Frameworks/CoreData.framework</string>
			<key>sourceTree</key>
			<string>SDKROOT</string>
		</dict>
		<key>3F2275A017C409D50051A177</key>
		<dict>
			<key>isa</key>
			<string>PBXFileReference</string>
			<key>lastKnownFileType</key>
			<string>wrapper.framework</string>
			<key>name</key>
			<string>Foundation.framework</string>
			<key>path</key>
			<string>System/Library/Frameworks/Foundation.framework</string>
			<key>sourceTree</key>
			<string>SDKROOT</string>
		</dict>
		<key>3F2275A117C409D50051A177</key>
		<dict>
			<key>children</key>
			<array>
				<string>E93056D11A705FAB0071A4A3</string>
				<string>E93056D21A705FAB0071A4A3</string>
				<string>E93056D41A705FC10071A4A3</string>
				<string>E93056D51A705FC10071A4A3</string>
				<string>E99A79051A707481000A9383</string>
				<string>E9641EDC1A705A8B000C680C</string>
				<string>E9641EDB1A705A77000C680C</string>
				<string>3F47C3791808BD6A0042DD62</string>
				<string>3F2275A217C409D50051A177</string>
				<string>E90605011A7200B200F64C22</string>
				<string>E90605021A7200B200F64C22</string>
			</array>
			<key>isa</key>
			<string>PBXGroup</string>
			<key>name</key>
			<string>GooglePlayMusic</string>
			<key>path</key>
			<string>SonyMusicUnlimited</string>
			<key>sourceTree</key>
			<string>&lt;group&gt;</string>
		</dict>
		<key>3F2275A217C409D50051A177</key>
		<dict>
			<key>children</key>
			<array>
				<string>E99A79021A70747A000A9383</string>
				<string>E9641EEC1A705E0C000C680C</string>
				<string>E9641ED91A705A24000C680C</string>
				<string>3F2275A317C409D50051A177</string>
			</array>
			<key>isa</key>
			<string>PBXGroup</string>
			<key>name</key>
			<string>Supporting Files</string>
			<key>sourceTree</key>
			<string>&lt;group&gt;</string>
		</dict>
		<key>3F2275A317C409D50051A177</key>
		<dict>
			<key>isa</key>
			<string>PBXFileReference</string>
			<key>lastKnownFileType</key>
			<string>text.plist</string>
			<key>name</key>
			<string>GooglePlayMusic-Info.plist</string>
			<key>path</key>
			<string>GooglePlayMusic/GooglePlayMusic-Info.plist</string>
			<key>sourceTree</key>
			<string>&lt;group&gt;</string>
		</dict>
		<key>3F2275B317C409D50051A177</key>
		<dict>
			<key>buildSettings</key>
			<dict>
				<key>ALWAYS_SEARCH_USER_PATHS</key>
				<string>NO</string>
				<key>CLANG_CXX_LANGUAGE_STANDARD</key>
				<string>gnu++0x</string>
				<key>CLANG_CXX_LIBRARY</key>
				<string>libc++</string>
				<key>CLANG_ENABLE_OBJC_ARC</key>
				<string>YES</string>
				<key>CLANG_WARN_CONSTANT_CONVERSION</key>
				<string>YES</string>
				<key>CLANG_WARN_EMPTY_BODY</key>
				<string>YES</string>
				<key>CLANG_WARN_ENUM_CONVERSION</key>
				<string>YES</string>
				<key>CLANG_WARN_INT_CONVERSION</key>
				<string>YES</string>
				<key>CLANG_WARN__DUPLICATE_METHOD_MATCH</key>
				<string>YES</string>
				<key>COPY_PHASE_STRIP</key>
				<string>NO</string>
				<key>GCC_C_LANGUAGE_STANDARD</key>
				<string>gnu99</string>
				<key>GCC_DYNAMIC_NO_PIC</key>
				<string>NO</string>
				<key>GCC_ENABLE_OBJC_EXCEPTIONS</key>
				<string>YES</string>
				<key>GCC_OPTIMIZATION_LEVEL</key>
				<string>0</string>
				<key>GCC_PREPROCESSOR_DEFINITIONS</key>
				<array>
					<string>DEBUG=1</string>
					<string>$(inherited)</string>
				</array>
				<key>GCC_SYMBOLS_PRIVATE_EXTERN</key>
				<string>NO</string>
				<key>GCC_WARN_64_TO_32_BIT_CONVERSION</key>
				<string>YES</string>
				<key>GCC_WARN_ABOUT_RETURN_TYPE</key>
				<string>YES</string>
				<key>GCC_WARN_UNINITIALIZED_AUTOS</key>
				<string>YES</string>
				<key>GCC_WARN_UNUSED_VARIABLE</key>
				<string>YES</string>
				<key>MACOSX_DEPLOYMENT_TARGET</key>
				<string>10.8</string>
				<key>ONLY_ACTIVE_ARCH</key>
				<string>YES</string>
				<key>SDKROOT</key>
				<string>macosx</string>
			</dict>
			<key>isa</key>
			<string>XCBuildConfiguration</string>
			<key>name</key>
			<string>Debug</string>
		</dict>
		<key>3F2275B417C409D50051A177</key>
		<dict>
			<key>buildSettings</key>
			<dict>
				<key>ALWAYS_SEARCH_USER_PATHS</key>
				<string>NO</string>
				<key>CLANG_CXX_LANGUAGE_STANDARD</key>
				<string>gnu++0x</string>
				<key>CLANG_CXX_LIBRARY</key>
				<string>libc++</string>
				<key>CLANG_ENABLE_OBJC_ARC</key>
				<string>YES</string>
				<key>CLANG_WARN_CONSTANT_CONVERSION</key>
				<string>YES</string>
				<key>CLANG_WARN_EMPTY_BODY</key>
				<string>YES</string>
				<key>CLANG_WARN_ENUM_CONVERSION</key>
				<string>YES</string>
				<key>CLANG_WARN_INT_CONVERSION</key>
				<string>YES</string>
				<key>CLANG_WARN__DUPLICATE_METHOD_MATCH</key>
				<string>YES</string>
				<key>COPY_PHASE_STRIP</key>
				<string>YES</string>
				<key>DEBUG_INFORMATION_FORMAT</key>
				<string>dwarf-with-dsym</string>
				<key>GCC_C_LANGUAGE_STANDARD</key>
				<string>gnu99</string>
				<key>GCC_ENABLE_OBJC_EXCEPTIONS</key>
				<string>YES</string>
				<key>GCC_WARN_64_TO_32_BIT_CONVERSION</key>
				<string>YES</string>
				<key>GCC_WARN_ABOUT_RETURN_TYPE</key>
				<string>YES</string>
				<key>GCC_WARN_UNINITIALIZED_AUTOS</key>
				<string>YES</string>
				<key>GCC_WARN_UNUSED_VARIABLE</key>
				<string>YES</string>
				<key>MACOSX_DEPLOYMENT_TARGET</key>
				<string>10.8</string>
				<key>SDKROOT</key>
				<string>macosx</string>
			</dict>
			<key>isa</key>
			<string>XCBuildConfiguration</string>
			<key>name</key>
			<string>Release</string>
		</dict>
		<key>3F2275B517C409D50051A177</key>
		<dict>
			<key>buildConfigurations</key>
			<array>
				<string>3F2275B617C409D50051A177</string>
				<string>3F2275B717C409D50051A177</string>
			</array>
			<key>defaultConfigurationIsVisible</key>
			<string>0</string>
			<key>defaultConfigurationName</key>
			<string>Release</string>
			<key>isa</key>
			<string>XCConfigurationList</string>
		</dict>
		<key>3F2275B617C409D50051A177</key>
		<dict>
			<key>baseConfigurationReference</key>
			<string>18D04518FF128EEB92EB5568</string>
			<key>buildSettings</key>
			<dict>
				<key>COMBINE_HIDPI_IMAGES</key>
				<string>YES</string>
				<key>GCC_PRECOMPILE_PREFIX_HEADER</key>
				<string>YES</string>
				<key>GCC_PREFIX_HEADER</key>
				<string>GooglePlayMusic/GooglePlayMusic-Prefix.pch</string>
				<key>INFOPLIST_FILE</key>
				<string>GooglePlayMusic/GooglePlayMusic-Info.plist</string>
				<key>PRODUCT_NAME</key>
				<string>$(TARGET_NAME)</string>
				<key>WRAPPER_EXTENSION</key>
				<string>app</string>
			</dict>
			<key>isa</key>
			<string>XCBuildConfiguration</string>
			<key>name</key>
			<string>Debug</string>
		</dict>
		<key>3F2275B717C409D50051A177</key>
		<dict>
			<key>baseConfigurationReference</key>
			<string>E64D87838E74DE2C38DE701B</string>
			<key>buildSettings</key>
			<dict>
				<key>COMBINE_HIDPI_IMAGES</key>
				<string>YES</string>
				<key>GCC_PRECOMPILE_PREFIX_HEADER</key>
				<string>YES</string>
				<key>GCC_PREFIX_HEADER</key>
				<string>GooglePlayMusic/GooglePlayMusic-Prefix.pch</string>
				<key>INFOPLIST_FILE</key>
				<string>GooglePlayMusic/GooglePlayMusic-Info.plist</string>
				<key>PRODUCT_NAME</key>
				<string>$(TARGET_NAME)</string>
				<key>WRAPPER_EXTENSION</key>
				<string>app</string>
			</dict>
			<key>isa</key>
			<string>XCBuildConfiguration</string>
			<key>name</key>
			<string>Release</string>
		</dict>
		<key>3F2275B817C40A830051A177</key>
		<dict>
			<key>isa</key>
			<string>PBXFileReference</string>
			<key>lastKnownFileType</key>
			<string>wrapper.framework</string>
			<key>name</key>
			<string>WebKit.framework</string>
			<key>path</key>
			<string>System/Library/Frameworks/WebKit.framework</string>
			<key>sourceTree</key>
			<string>SDKROOT</string>
		</dict>
		<key>3F2275B917C40A830051A177</key>
		<dict>
			<key>fileRef</key>
			<string>3F2275B817C40A830051A177</string>
			<key>isa</key>
			<string>PBXBuildFile</string>
		</dict>
		<key>3F47C3781808B9DE0042DD62</key>
		<dict>
			<key>fileRef</key>
			<string>3F22759E17C409D50051A177</string>
			<key>isa</key>
			<string>PBXBuildFile</string>
		</dict>
		<key>3F47C3791808BD6A0042DD62</key>
		<dict>
			<key>children</key>
			<array>
				<string>E9641EE01A705D22000C680C</string>
				<string>E9641EDE1A705CBB000C680C</string>
			</array>
			<key>isa</key>
			<string>PBXGroup</string>
			<key>name</key>
			<string>Images</string>
			<key>sourceTree</key>
			<string>&lt;group&gt;</string>
		</dict>
		<key>3F8305BE17CE7A4000727D3A</key>
		<dict>
			<key>isa</key>
			<string>PBXFileReference</string>
			<key>lastKnownFileType</key>
			<string>wrapper.framework</string>
			<key>name</key>
			<string>ScriptingBridge.framework</string>
			<key>path</key>
			<string>System/Library/Frameworks/ScriptingBridge.framework</string>
			<key>sourceTree</key>
			<string>SDKROOT</string>
		</dict>
		<key>3F8305BF17CE7A4000727D3A</key>
		<dict>
			<key>fileRef</key>
			<string>3F8305BE17CE7A4000727D3A</string>
			<key>isa</key>
			<string>PBXBuildFile</string>
		</dict>
		<key>A6ACF32BE7788F4890551088</key>
		<dict>
			<key>buildActionMask</key>
			<string>2147483647</string>
			<key>files</key>
			<array/>
			<key>inputPaths</key>
			<array/>
			<key>isa</key>
			<string>PBXShellScriptBuildPhase</string>
			<key>name</key>
			<string>Check Pods Manifest.lock</string>
			<key>outputPaths</key>
			<array/>
			<key>runOnlyForDeploymentPostprocessing</key>
			<string>0</string>
			<key>shellPath</key>
			<string>/bin/sh</string>
			<key>shellScript</key>
			<string>diff "${PODS_ROOT}/../Podfile.lock" "${PODS_ROOT}/Manifest.lock" &gt; /dev/null
if [[ $? != 0 ]] ; then
    cat &lt;&lt; EOM
error: The sandbox is not in sync with the Podfile.lock. Run 'pod install' or update your CocoaPods installation.
EOM
    exit 1
fi
</string>
			<key>showEnvVarsInLog</key>
			<string>0</string>
		</dict>
		<key>C8357689C25E5CA835D2D45B</key>
		<dict>
			<key>buildActionMask</key>
			<string>2147483647</string>
			<key>files</key>
			<array/>
			<key>inputPaths</key>
			<array/>
			<key>isa</key>
			<string>PBXShellScriptBuildPhase</string>
			<key>name</key>
			<string>Copy Pods Resources</string>
			<key>outputPaths</key>
			<array/>
			<key>runOnlyForDeploymentPostprocessing</key>
			<string>0</string>
			<key>shellPath</key>
			<string>/bin/sh</string>
			<key>shellScript</key>
			<string>"${SRCROOT}/Pods/Target Support Files/Pods-GooglePlayMusic/Pods-GooglePlayMusic-resources.sh"
</string>
			<key>showEnvVarsInLog</key>
			<string>0</string>
		</dict>
		<key>E64D87838E74DE2C38DE701B</key>
		<dict>
			<key>includeInIndex</key>
			<string>1</string>
			<key>isa</key>
			<string>PBXFileReference</string>
			<key>lastKnownFileType</key>
			<string>text.xcconfig</string>
			<key>name</key>
			<string>Pods-GooglePlayMusic.release.xcconfig</string>
			<key>path</key>
			<string>Pods/Target Support Files/Pods-GooglePlayMusic/Pods-GooglePlayMusic.release.xcconfig</string>
			<key>sourceTree</key>
			<string>&lt;group&gt;</string>
		</dict>
		<key>E90605011A7200B200F64C22</key>
		<dict>
			<key>fileEncoding</key>
			<string>4</string>
			<key>isa</key>
			<string>PBXFileReference</string>
			<key>lastKnownFileType</key>
			<string>sourcecode.c.h</string>
			<key>path</key>
			<string>SharingManager.h</string>
			<key>sourceTree</key>
			<string>SOURCE_ROOT</string>
		</dict>
		<key>E90605021A7200B200F64C22</key>
		<dict>
			<key>fileEncoding</key>
			<string>4</string>
			<key>isa</key>
			<string>PBXFileReference</string>
			<key>lastKnownFileType</key>
			<string>sourcecode.c.objc</string>
			<key>path</key>
			<string>SharingManager.m</string>
			<key>sourceTree</key>
			<string>SOURCE_ROOT</string>
		</dict>
		<key>E90605031A7200B200F64C22</key>
		<dict>
			<key>fileRef</key>
			<string>E90605021A7200B200F64C22</string>
			<key>isa</key>
			<string>PBXBuildFile</string>
		</dict>
		<key>E93056CA1A705F7D0071A4A3</key>
		<dict>
			<key>fileEncoding</key>
			<string>4</string>
			<key>isa</key>
			<string>PBXFileReference</string>
			<key>lastKnownFileType</key>
			<string>sourcecode.c.h</string>
			<key>name</key>
			<string>NSString+HTML.h</string>
			<key>path</key>
			<string>GooglePlayMusic/NSString+HTML.h</string>
			<key>sourceTree</key>
			<string>SOURCE_ROOT</string>
		</dict>
		<key>E93056CB1A705F7D0071A4A3</key>
		<dict>
			<key>fileEncoding</key>
			<string>4</string>
			<key>isa</key>
			<string>PBXFileReference</string>
			<key>lastKnownFileType</key>
			<string>sourcecode.c.objc</string>
			<key>name</key>
			<string>NSString+HTML.m</string>
			<key>path</key>
			<string>GooglePlayMusic/NSString+HTML.m</string>
			<key>sourceTree</key>
			<string>SOURCE_ROOT</string>
		</dict>
		<key>E93056CC1A705F7D0071A4A3</key>
		<dict>
			<key>fileRef</key>
			<string>E93056CB1A705F7D0071A4A3</string>
			<key>isa</key>
			<string>PBXBuildFile</string>
		</dict>
		<key>E93056CD1A705F990071A4A3</key>
		<dict>
			<key>fileEncoding</key>
			<string>4</string>
			<key>isa</key>
			<string>PBXFileReference</string>
			<key>lastKnownFileType</key>
			<string>sourcecode.c.h</string>
			<key>name</key>
			<string>AppleMediaKeyController.h</string>
			<key>path</key>
			<string>GooglePlayMusic/AppleMediaKeyController.h</string>
			<key>sourceTree</key>
			<string>SOURCE_ROOT</string>
		</dict>
		<key>E93056CE1A705F990071A4A3</key>
		<dict>
			<key>fileEncoding</key>
			<string>4</string>
			<key>isa</key>
			<string>PBXFileReference</string>
			<key>lastKnownFileType</key>
			<string>sourcecode.c.objc</string>
			<key>name</key>
			<string>AppleMediaKeyController.m</string>
			<key>path</key>
			<string>GooglePlayMusic/AppleMediaKeyController.m</string>
			<key>sourceTree</key>
			<string>SOURCE_ROOT</string>
		</dict>
		<key>E93056CF1A705F990071A4A3</key>
		<dict>
			<key>fileEncoding</key>
			<string>4</string>
			<key>isa</key>
			<string>PBXFileReference</string>
			<key>lastKnownFileType</key>
			<string>sourcecode.c.h</string>
			<key>name</key>
			<string>singleton.h</string>
			<key>path</key>
			<string>GooglePlayMusic/singleton.h</string>
			<key>sourceTree</key>
			<string>SOURCE_ROOT</string>
		</dict>
		<key>E93056D01A705F990071A4A3</key>
		<dict>
			<key>fileRef</key>
			<string>E93056CE1A705F990071A4A3</string>
			<key>isa</key>
			<string>PBXBuildFile</string>
		</dict>
		<key>E93056D11A705FAB0071A4A3</key>
		<dict>
			<key>fileEncoding</key>
			<string>4</string>
			<key>isa</key>
			<string>PBXFileReference</string>
			<key>lastKnownFileType</key>
			<string>sourcecode.c.h</string>
			<key>name</key>
			<string>AppDelegate.h</string>
			<key>path</key>
			<string>GooglePlayMusic/AppDelegate.h</string>
			<key>sourceTree</key>
			<string>SOURCE_ROOT</string>
		</dict>
		<key>E93056D21A705FAB0071A4A3</key>
		<dict>
			<key>fileEncoding</key>
			<string>4</string>
			<key>isa</key>
			<string>PBXFileReference</string>
			<key>lastKnownFileType</key>
			<string>sourcecode.c.objc</string>
			<key>name</key>
			<string>AppDelegate.m</string>
			<key>path</key>
			<string>GooglePlayMusic/AppDelegate.m</string>
			<key>sourceTree</key>
			<string>SOURCE_ROOT</string>
		</dict>
		<key>E93056D31A705FAB0071A4A3</key>
		<dict>
			<key>fileRef</key>
			<string>E93056D21A705FAB0071A4A3</string>
			<key>isa</key>
			<string>PBXBuildFile</string>
		</dict>
		<key>E93056D41A705FC10071A4A3</key>
		<dict>
			<key>fileEncoding</key>
			<string>4</string>
			<key>isa</key>
			<string>PBXFileReference</string>
			<key>lastKnownFileType</key>
			<string>sourcecode.c.h</string>
			<key>name</key>
			<string>GPMManager.h</string>
			<key>path</key>
			<string>GooglePlayMusic/GPMManager.h</string>
			<key>sourceTree</key>
			<string>SOURCE_ROOT</string>
		</dict>
		<key>E93056D51A705FC10071A4A3</key>
		<dict>
			<key>fileEncoding</key>
			<string>4</string>
			<key>isa</key>
			<string>PBXFileReference</string>
			<key>lastKnownFileType</key>
			<string>sourcecode.c.objc</string>
			<key>name</key>
			<string>GPMManager.m</string>
			<key>path</key>
			<string>GooglePlayMusic/GPMManager.m</string>
			<key>sourceTree</key>
			<string>SOURCE_ROOT</string>
		</dict>
		<key>E93056D61A705FC10071A4A3</key>
		<dict>
			<key>fileRef</key>
			<string>E93056D51A705FC10071A4A3</string>
			<key>isa</key>
			<string>PBXBuildFile</string>
		</dict>
		<key>E9641ED91A705A24000C680C</key>
		<dict>
			<key>fileEncoding</key>
			<string>4</string>
			<key>isa</key>
			<string>PBXFileReference</string>
			<key>lastKnownFileType</key>
			<string>sourcecode.c.objc</string>
			<key>name</key>
			<string>main.m</string>
			<key>path</key>
			<string>GooglePlayMusic/main.m</string>
			<key>sourceTree</key>
			<string>SOURCE_ROOT</string>
		</dict>
		<key>E9641EDA1A705A24000C680C</key>
		<dict>
			<key>fileRef</key>
			<string>E9641ED91A705A24000C680C</string>
			<key>isa</key>
			<string>PBXBuildFile</string>
		</dict>
		<key>E9641EDB1A705A77000C680C</key>
		<dict>
			<key>children</key>
			<array>
				<string>E93056CD1A705F990071A4A3</string>
				<string>E93056CE1A705F990071A4A3</string>
				<string>E93056CF1A705F990071A4A3</string>
			</array>
			<key>isa</key>
			<string>PBXGroup</string>
			<key>name</key>
			<string>MediaKeyController</string>
			<key>sourceTree</key>
			<string>&lt;group&gt;</string>
		</dict>
		<key>E9641EDC1A705A8B000C680C</key>
		<dict>
			<key>children</key>
			<array>
				<string>E93056CA1A705F7D0071A4A3</string>
				<string>E93056CB1A705F7D0071A4A3</string>
			</array>
			<key>isa</key>
			<string>PBXGroup</string>
			<key>name</key>
			<string>Categories</string>
			<key>sourceTree</key>
			<string>&lt;group&gt;</string>
		</dict>
		<key>E9641EDE1A705CBB000C680C</key>
		<dict>
			<key>isa</key>
			<string>PBXFileReference</string>
			<key>lastKnownFileType</key>
			<string>image.icns</string>
			<key>path</key>
			<string>Google-Play-Music-icon.icns</string>
			<key>sourceTree</key>
			<string>SOURCE_ROOT</string>
		</dict>
		<key>E9641EDF1A705CBB000C680C</key>
		<dict>
			<key>fileRef</key>
			<string>E9641EDE1A705CBB000C680C</string>
			<key>isa</key>
			<string>PBXBuildFile</string>
		</dict>
		<key>E9641EE01A705D22000C680C</key>
		<dict>
			<key>isa</key>
			<string>PBXFileReference</string>
			<key>lastKnownFileType</key>
			<string>image.png</string>
			<key>name</key>
			<string>Google-Play-Music-icon.png</string>
			<key>path</key>
			<string>GooglePlayMusic/Google-Play-Music-icon.png</string>
			<key>sourceTree</key>
			<string>SOURCE_ROOT</string>
		</dict>
		<key>E9641EE11A705D22000C680C</key>
		<dict>
			<key>fileRef</key>
			<string>E9641EE01A705D22000C680C</string>
			<key>isa</key>
			<string>PBXBuildFile</string>
		</dict>
		<key>E9641EEC1A705E0C000C680C</key>
		<dict>
			<key>fileEncoding</key>
			<string>4</string>
			<key>isa</key>
			<string>PBXFileReference</string>
			<key>lastKnownFileType</key>
			<string>sourcecode.c.h</string>
			<key>name</key>
			<string>GooglePlayMusic-Prefix.pch</string>
			<key>path</key>
			<string>GooglePlayMusic/GooglePlayMusic-Prefix.pch</string>
			<key>sourceTree</key>
			<string>&lt;group&gt;</string>
		</dict>
		<key>E99A79021A70747A000A9383</key>
		<dict>
			<key>children</key>
			<array>
				<string>E99A79031A70747A000A9383</string>
			</array>
			<key>isa</key>
			<string>PBXVariantGroup</string>
			<key>name</key>
			<string>InfoPlist.strings</string>
			<key>sourceTree</key>
			<string>&lt;group&gt;</string>
		</dict>
		<key>E99A79031A70747A000A9383</key>
		<dict>
			<key>isa</key>
			<string>PBXFileReference</string>
			<key>lastKnownFileType</key>
			<string>text.plist.strings</string>
			<key>name</key>
			<string>en</string>
			<key>path</key>
			<string>GooglePlayMusic/en.lproj/InfoPlist.strings</string>
			<key>sourceTree</key>
			<string>SOURCE_ROOT</string>
		</dict>
		<key>E99A79041A70747A000A9383</key>
		<dict>
			<key>fileRef</key>
			<string>E99A79021A70747A000A9383</string>
			<key>isa</key>
			<string>PBXBuildFile</string>
		</dict>
		<key>E99A79051A707481000A9383</key>
		<dict>
			<key>children</key>
			<array>
				<string>E99A79061A707481000A9383</string>
			</array>
			<key>isa</key>
			<string>PBXVariantGroup</string>
			<key>name</key>
			<string>MainMenu.xib</string>
			<key>sourceTree</key>
			<string>&lt;group&gt;</string>
		</dict>
		<key>E99A79061A707481000A9383</key>
		<dict>
			<key>isa</key>
			<string>PBXFileReference</string>
			<key>lastKnownFileType</key>
			<string>file.xib</string>
			<key>name</key>
			<string>en</string>
			<key>path</key>
			<string>GooglePlayMusic/en.lproj/MainMenu.xib</string>
			<key>sourceTree</key>
			<string>SOURCE_ROOT</string>
		</dict>
		<key>E99A79071A707481000A9383</key>
		<dict>
			<key>fileRef</key>
			<string>E99A79051A707481000A9383</string>
			<key>isa</key>
			<string>PBXBuildFile</string>
		</dict>
		<key>FE037CDE0D220187CEE96931</key>
		<dict>
			<key>explicitFileType</key>
			<string>archive.ar</string>
			<key>includeInIndex</key>
			<string>0</string>
			<key>isa</key>
			<string>PBXFileReference</string>
			<key>path</key>
			<string>libPods-GooglePlayMusic.a</string>
			<key>sourceTree</key>
			<string>BUILT_PRODUCTS_DIR</string>
		</dict>
		<key>FFBECA3C72E0496317073FDE</key>
		<dict>
			<key>fileRef</key>
			<string>FE037CDE0D220187CEE96931</string>
			<key>isa</key>
			<string>PBXBuildFile</string>
		</dict>
	</dict>
	<key>rootObject</key>
	<string>3F22759017C409D50051A177</string>
</dict>
</plist>
